
Microsoft Visual Studio Solution File, Format Version 12.00
# Visual Studio 14
VisualStudioVersion = 14.0.25420.1
MinimumVisualStudioVersion = 10.0.40219.1
Project("{FAE04EC0-301F-11D3-BF4B-00C04F79EFBC}") = "Events.Web", "Events.Web\Events.Web.csproj", "{2A42A696-1E76-4870-96DE-99B115A34F8F}"
EndProject
Project("{FAE04EC0-301F-11D3-BF4B-00C04F79EFBC}") = "Events.Data", "Events.Data\Events.Data.csproj", "{5BCBDE28-E456-42A0-8F7D-B637B241D15F}"
EndProject
Global
	GlobalSection(SolutionConfigurationPlatforms) = preSolution
		Debug|Any CPU = Debug|Any CPU
		Release|Any CPU = Release|Any CPU
	EndGlobalSection
	GlobalSection(ProjectConfigurationPlatforms) = postSolution
		{2A42A696-1E76-4870-96DE-99B115A34F8F}.Debug|Any CPU.ActiveCfg = Debug|Any CPU
		{2A42A696-1E76-4870-96DE-99B115A34F8F}.Debug|Any CPU.Build.0 = Debug|Any CPU
		{2A42A696-1E76-4870-96DE-99B115A34F8F}.Release|Any CPU.ActiveCfg = Release|Any CPU
		{2A42A696-1E76-4870-96DE-99B115A34F8F}.Release|Any CPU.Build.0 = Release|Any CPU
		{5BCBDE28-E456-42A0-8F7D-B637B241D15F}.Debug|Any CPU.ActiveCfg = Debug|Any CPU
		{5BCBDE28-E456-42A0-8F7D-B637B241D15F}.Debug|Any CPU.Build.0 = Debug|Any CPU
		{5BCBDE28-E456-42A0-8F7D-B637B241D15F}.Release|Any CPU.ActiveCfg = Release|Any CPU
		{5BCBDE28-E456-42A0-8F7D-B637B241D15F}.Release|Any CPU.Build.0 = Release|Any CPU
	EndGlobalSection
	GlobalSection(SolutionProperties) = preSolution
		HideSolutionNode = FALSE
	EndGlobalSection
EndGlobal
